
Microsoft Visual Studio Solution File, Format Version 12.00
# Visual Studio Version 16
VisualStudioVersion = 16.0.31424.327
MinimumVisualStudioVersion = 10.0.40219.1
Project("{FAE04EC0-301F-11D3-BF4B-00C04F79EFBC}") = "CRUD Operations .Net Core - Movies Site", "CRUD Operations .Net Core - Movies Site.csproj", "{384AC8D7-603B-4CF8-A2DC-414DA87B2FAF}"
EndProject
Global
	GlobalSection(SolutionConfigurationPlatforms) = preSolution
		Debug|Any CPU = Debug|Any CPU
		Release|Any CPU = Release|Any CPU
	EndGlobalSection
	GlobalSection(ProjectConfigurationPlatforms) = postSolution
		{384AC8D7-603B-4CF8-A2DC-414DA87B2FAF}.Debug|Any CPU.ActiveCfg = Debug|Any CPU
		{384AC8D7-603B-4CF8-A2DC-414DA87B2FAF}.Debug|Any CPU.Build.0 = Debug|Any CPU
		{384AC8D7-603B-4CF8-A2DC-414DA87B2FAF}.Release|Any CPU.ActiveCfg = Release|Any CPU
		{384AC8D7-603B-4CF8-A2DC-414DA87B2FAF}.Release|Any CPU.Build.0 = Release|Any CPU
	EndGlobalSection
	GlobalSection(SolutionProperties) = preSolution
		HideSolutionNode = FALSE
	EndGlobalSection
	GlobalSection(ExtensibilityGlobals) = postSolution
		SolutionGuid = {56B7117B-2503-46A5-8A36-EA304B1B3068}
	EndGlobalSection
EndGlobal
